// !$*UTF8*$!
{
	archiveVersion = 1;
	classes = {
	};
	objectVersion = 50;
	objects = {

/* Begin PBXBuildFile section */
		106CA0D7214843F0007F337B /* AppDelegate.swift in Sources */ = {isa = PBXBuildFile; fileRef = 106CA0D6214843F0007F337B /* AppDelegate.swift */; };
		106CA0D9214843F0007F337B /* HomeViewController.swift in Sources */ = {isa = PBXBuildFile; fileRef = 106CA0D8214843F0007F337B /* HomeViewController.swift */; };
		106CA0DC214843F0007F337B /* Main.storyboard in Resources */ = {isa = PBXBuildFile; fileRef = 106CA0DA214843F0007F337B /* Main.storyboard */; };
		106CA0DE214843F4007F337B /* Assets.xcassets in Resources */ = {isa = PBXBuildFile; fileRef = 106CA0DD214843F4007F337B /* Assets.xcassets */; };
		106CA0E1214843F4007F337B /* LaunchScreen.storyboard in Resources */ = {isa = PBXBuildFile; fileRef = 106CA0DF214843F4007F337B /* LaunchScreen.storyboard */; };
		10AB263E2149754600E8AA5A /* contextDrawingView.swift in Sources */ = {isa = PBXBuildFile; fileRef = 10AB263D2149754600E8AA5A /* contextDrawingView.swift */; };
/* End PBXBuildFile section */

/* Begin PBXFileReference section */
		106CA0D3214843F0007F337B /* DrawingApp.app */ = {isa = PBXFileReference; explicitFileType = wrapper.application; includeInIndex = 0; path = DrawingApp.app; sourceTree = BUILT_PRODUCTS_DIR; };
		106CA0D6214843F0007F337B /* AppDelegate.swift */ = {isa = PBXFileReference; lastKnownFileType = sourcecode.swift; path = AppDelegate.swift; sourceTree = "<group>"; };
		106CA0D8214843F0007F337B /* HomeViewController.swift */ = {isa = PBXFileReference; lastKnownFileType = sourcecode.swift; path = HomeViewController.swift; sourceTree = "<group>"; };
		106CA0DB214843F0007F337B /* Base */ = {isa = PBXFileReference; lastKnownFileType = file.storyboard; name = Base; path = Base.lproj/Main.storyboard; sourceTree = "<group>"; };
		106CA0DD214843F4007F337B /* Assets.xcassets */ = {isa = PBXFileReference; lastKnownFileType = folder.assetcatalog; path = Assets.xcassets; sourceTree = "<group>"; };
		106CA0E0214843F4007F337B /* Base */ = {isa = PBXFileReference; lastKnownFileType = file.storyboard; name = Base; path = Base.lproj/LaunchScreen.storyboard; sourceTree = "<group>"; };
		106CA0E2214843F4007F337B /* Info.plist */ = {isa = PBXFileReference; lastKnownFileType = text.plist.xml; path = Info.plist; sourceTree = "<group>"; };
		10AB263D2149754600E8AA5A /* contextDrawingView.swift */ = {isa = PBXFileReference; lastKnownFileType = sourcecode.swift; path = contextDrawingView.swift; sourceTree = "<group>"; };
/* End PBXFileReference section */

/* Begin PBXFrameworksBuildPhase section */
		106CA0D0214843F0007F337B /* Frameworks */ = {
			isa = PBXFrameworksBuildPhase;
			buildActionMask = 2147483647;
			files = (
			);
			runOnlyForDeploymentPostprocessing = 0;
		};
/* End PBXFrameworksBuildPhase section */

/* Begin PBXGroup section */
		106CA0CA214843F0007F337B = {
			isa = PBXGroup;
			children = (
				106CA0D5214843F0007F337B /* DrawingApp */,
				106CA0D4214843F0007F337B /* Products */,
			);
			sourceTree = "<group>";
		};
		106CA0D4214843F0007F337B /* Products */ = {
			isa = PBXGroup;
			children = (
				106CA0D3214843F0007F337B /* DrawingApp.app */,
			);
			name = Products;
			sourceTree = "<group>";
		};
		106CA0D5214843F0007F337B /* DrawingApp */ = {
			isa = PBXGroup;
			children = (
				106CA0D6214843F0007F337B /* AppDelegate.swift */,
				106CA0EB2148F332007F337B /* Views */,
				106CA0EA21484853007F337B /* Controllelrs */,
				106CA0DA214843F0007F337B /* Main.storyboard */,
				106CA0DD214843F4007F337B /* Assets.xcassets */,
				106CA0DF214843F4007F337B /* LaunchScreen.storyboard */,
				106CA0E2214843F4007F337B /* Info.plist */,
			);
			path = DrawingApp;
			sourceTree = "<group>";
		};
		106CA0EA21484853007F337B /* Controllelrs */ = {
			isa = PBXGroup;
			children = (
				106CA0D8214843F0007F337B /* HomeViewController.swift */,
			);
			path = Controllelrs;
			sourceTree = "<group>";
		};
		106CA0EB2148F332007F337B /* Views */ = {
			isa = PBXGroup;
			children = (
				10AB263D2149754600E8AA5A /* contextDrawingView.swift */,
			);
			path = Views;
			sourceTree = "<group>";
		};
/* End PBXGroup section */

/* Begin PBXNativeTarget section */
		106CA0D2214843F0007F337B /* DrawingApp */ = {
			isa = PBXNativeTarget;
			buildConfigurationList = 106CA0E5214843F4007F337B /* Build configuration list for PBXNativeTarget "DrawingApp" */;
			buildPhases = (
				106CA0CF214843F0007F337B /* Sources */,
				106CA0D0214843F0007F337B /* Frameworks */,
				106CA0D1214843F0007F337B /* Resources */,
			);
			buildRules = (
			);
			dependencies = (
			);
			name = DrawingApp;
			productName = DrawingApp;
			productReference = 106CA0D3214843F0007F337B /* DrawingApp.app */;
			productType = "com.apple.product-type.application";
		};
/* End PBXNativeTarget section */

/* Begin PBXProject section */
		106CA0CB214843F0007F337B /* Project object */ = {
			isa = PBXProject;
			attributes = {
				LastSwiftUpdateCheck = 0940;
				LastUpgradeCheck = 0940;
				ORGANIZATIONNAME = KareemDev;
				TargetAttributes = {
					106CA0D2214843F0007F337B = {
						CreatedOnToolsVersion = 9.4.1;
					};
				};
			};
			buildConfigurationList = 106CA0CE214843F0007F337B /* Build configuration list for PBXProject "DrawingApp" */;
			compatibilityVersion = "Xcode 9.3";
			developmentRegion = en;
			hasScannedForEncodings = 0;
			knownRegions = (
				en,
				Base,
			);
			mainGroup = 106CA0CA214843F0007F337B;
			productRefGroup = 106CA0D4214843F0007F337B /* Products */;
			projectDirPath = "";
			projectRoot = "";
			targets = (
				106CA0D2214843F0007F337B /* DrawingApp */,
			);
		};
/* End PBXProject section */

/* Begin PBXResourcesBuildPhase section */
		106CA0D1214843F0007F337B /* Resources */ = {
			isa = PBXResourcesBuildPhase;
			buildActionMask = 2147483647;
			files = (
				106CA0E1214843F4007F337B /* LaunchScreen.storyboard in Resources */,
				106CA0DE214843F4007F337B /* Assets.xcassets in Resources */,
				106CA0DC214843F0007F337B /* Main.storyboard in Resources */,
			);
			runOnlyForDeploymentPostprocessing = 0;
		};
/* End PBXResourcesBuildPhase section */

/* Begin PBXSourcesBuildPhase section */
		106CA0CF214843F0007F337B /* Sources */ = {
			isa = PBXSourcesBuildPhase;
			buildActionMask = 2147483647;
			files = (
				106CA0D9214843F0007F337B /* HomeViewController.swift in Sources */,
				106CA0D7214843F0007F337B /* AppDelegate.swift in Sources */,
				10AB263E2149754600E8AA5A /* contextDrawingView.swift in Sources */,
			);
			runOnlyForDeploymentPostprocessing = 0;
		};
/* End PBXSourcesBuildPhase section */

/* Begin PBXVariantGroup section */
		106CA0DA214843F0007F337B /* Main.storyboard */ = {
			isa = PBXVariantGroup;
			children = (
				106CA0DB214843F0007F337B /* Base */,
			);
			name = Main.storyboard;
			sourceTree = "<group>";
		};
		106CA0DF214843F4007F337B /* LaunchScreen.storyboard */ = {
			isa = PBXVariantGroup;
			children = (
				106CA0E0214843F4007F337B /* Base */,
			);
			name = LaunchScreen.storyboard;
			sourceTree = "<group>";
		};
/* End PBXVariantGroup section */

/* Begin XCBuildConfiguration section */
		106CA0E3214843F4007F337B /* Debug */ = {
			isa = XCBuildConfiguration;
			buildSettings = {
				ALWAYS_SEARCH_USER_PATHS = NO;
				CLANG_ANALYZER_NONNULL = YES;
				CLANG_ANALYZER_NUMBER_OBJECT_CONVERSION = YES_AGGRESSIVE;
				CLANG_CXX_LANGUAGE_STANDARD = "gnu++14";
				CLANG_CXX_LIBRARY = "libc++";
				CLANG_ENABLE_MODULES = YES;
				CLANG_ENABLE_OBJC_ARC = YES;
				CLANG_ENABLE_OBJC_WEAK = YES;
				CLANG_WARN_BLOCK_CAPTURE_AUTORELEASING = YES;
				CLANG_WARN_BOOL_CONVERSION = YES;
				CLANG_WARN_COMMA = YES;
				CLANG_WARN_CONSTANT_CONVERSION = YES;
				CLANG_WARN_DEPRECATED_OBJC_IMPLEMENTATIONS = YES;
				CLANG_WARN_DIRECT_OBJC_ISA_USAGE = YES_ERROR;
				CLANG_WARN_DOCUMENTATION_COMMENTS = YES;
				CLANG_WARN_EMPTY_BODY = YES;
				CLANG_WARN_ENUM_CONVERSION = YES;
				CLANG_WARN_INFINITE_RECURSION = YES;
				CLANG_WARN_INT_CONVERSION = YES;
				CLANG_WARN_NON_LITERAL_NULL_CONVERSION = YES;
				CLANG_WARN_OBJC_IMPLICIT_RETAIN_SELF = YES;
				CLANG_WARN_OBJC_LITERAL_CONVERSION = YES;
				CLANG_WARN_OBJC_ROOT_CLASS = YES_ERROR;
				CLANG_WARN_RANGE_LOOP_ANALYSIS = YES;
				CLANG_WARN_STRICT_PROTOTYPES = YES;
				CLANG_WARN_SUSPICIOUS_MOVE = YES;
				CLANG_WARN_UNGUARDED_AVAILABILITY = YES_AGGRESSIVE;
				CLANG_WARN_UNREACHABLE_CODE = YES;
				CLANG_WARN__DUPLICATE_METHOD_MATCH = YES;
				CODE_SIGN_IDENTITY = "iPhone Developer";
				COPY_PHASE_STRIP = NO;
				DEBUG_INFORMATION_FORMAT = dwarf;
				ENABLE_STRICT_OBJC_MSGSEND = YES;
				ENABLE_TESTABILITY = YES;
				GCC_C_LANGUAGE_STANDARD = gnu11;
				GCC_DYNAMIC_NO_PIC = NO;
				GCC_NO_COMMON_BLOCKS = YES;
				GCC_OPTIMIZATION_LEVEL = 0;
				GCC_PREPROCESSOR_DEFINITIONS = (
					"DEBUG=1",
					"$(inherited)",
				);
				GCC_WARN_64_TO_32_BIT_CONVERSION = YES;
				GCC_WARN_ABOUT_RETURN_TYPE = YES_ERROR;
				GCC_WARN_UNDECLARED_SELECTOR = YES;
				GCC_WARN_UNINITIALIZED_AUTOS = YES_AGGRESSIVE;
				GCC_WARN_UNUSED_FUNCTION = YES;
				GCC_WARN_UNUSED_VARIABLE = YES;
				IPHONEOS_DEPLOYMENT_TARGET = 11.4;
				MTL_ENABLE_DEBUG_INFO = YES;
				ONLY_ACTIVE_ARCH = YES;
				SDKROOT = iphoneos;
				SWIFT_ACTIVE_COMPILATION_CONDITIONS = DEBUG;
				SWIFT_OPTIMIZATION_LEVEL = "-Onone";
			};
			name = Debug;
		};
		106CA0E4214843F4007F337B /* Release */ = {
			isa = XCBuildConfiguration;
			buildSettings = {
				ALWAYS_SEARCH_USER_PATHS = NO;
				CLANG_ANALYZER_NONNULL = YES;
				CLANG_ANALYZER_NUMBER_OBJECT_CONVERSION = YES_AGGRESSIVE;
				CLANG_CXX_LANGUAGE_STANDARD = "gnu++14";
				CLANG_CXX_LIBRARY = "libc++";
				CLANG_ENABLE_MODULES = YES;
				CLANG_ENABLE_OBJC_ARC = YES;
				CLANG_ENABLE_OBJC_WEAK = YES;
				CLANG_WARN_BLOCK_CAPTURE_AUTORELEASING = YES;
				CLANG_WARN_BOOL_CONVERSION = YES;
				CLANG_WARN_COMMA = YES;
				CLANG_WARN_CONSTANT_CONVERSION = YES;
				CLANG_WARN_DEPRECATED_OBJC_IMPLEMENTATIONS = YES;
				CLANG_WARN_DIRECT_OBJC_ISA_USAGE = YES_ERROR;
				CLANG_WARN_DOCUMENTATION_COMMENTS = YES;
				CLANG_WARN_EMPTY_BODY = YES;
				CLANG_WARN_ENUM_CONVERSION = YES;
				CLANG_WARN_INFINITE_RECURSION = YES;
				CLANG_WARN_INT_CONVERSION = YES;
				CLANG_WARN_NON_LITERAL_NULL_CONVERSION = YES;
				CLANG_WARN_OBJC_IMPLICIT_RETAIN_SELF = YES;
				CLANG_WARN_OBJC_LITERAL_CONVERSION = YES;
				CLANG_WARN_OBJC_ROOT_CLASS = YES_ERROR;
				CLANG_WARN_RANGE_LOOP_ANALYSIS = YES;
				CLANG_WARN_STRICT_PROTOTYPES = YES;
				CLANG_WARN_SUSPICIOUS_MOVE = YES;
				CLANG_WARN_UNGUARDED_AVAILABILITY = YES_AGGRESSIVE;
				CLANG_WARN_UNREACHABLE_CODE = YES;
				CLANG_WARN__DUPLICATE_METHOD_MATCH = YES;
				CODE_SIGN_IDENTITY = "iPhone Developer";
				COPY_PHASE_STRIP = NO;
				DEBUG_INFORMATION_FORMAT = "dwarf-with-dsym";
				ENABLE_NS_ASSERTIONS = NO;
				ENABLE_STRICT_OBJC_MSGSEND = YES;
				GCC_C_LANGUAGE_STANDARD = gnu11;
				GCC_NO_COMMON_BLOCKS = YES;
				GCC_WARN_64_TO_32_BIT_CONVERSION = YES;
				GCC_WARN_ABOUT_RETURN_TYPE = YES_ERROR;
				GCC_WARN_UNDECLARED_SELECTOR = YES;
				GCC_WARN_UNINITIALIZED_AUTOS = YES_AGGRESSIVE;
				GCC_WARN_UNUSED_FUNCTION = YES;
				GCC_WARN_UNUSED_VARIABLE = YES;
				IPHONEOS_DEPLOYMENT_TARGET = 11.4;
				MTL_ENABLE_DEBUG_INFO = NO;
				SDKROOT = iphoneos;
				SWIFT_COMPILATION_MODE = wholemodule;
				SWIFT_OPTIMIZATION_LEVEL = "-O";
				VALIDATE_PRODUCT = YES;
			};
			name = Release;
		};
		106CA0E6214843F4007F337B /* Debug */ = {
			isa = XCBuildConfiguration;
			buildSettings = {
				ASSETCATALOG_COMPILER_APPICON_NAME = AppIcon;
				CODE_SIGN_IDENTITY = "iPhone Distribution";
				CODE_SIGN_STYLE = Manual;
				DEVELOPMENT_TEAM = 462G7PZTA4;
				INFOPLIST_FILE = DrawingApp/Info.plist;
				LD_RUNPATH_SEARCH_PATHS = (
					"$(inherited)",
					"@executable_path/Frameworks",
				);
				PRODUCT_BUNDLE_IDENTIFIER = com.testingco.testing.krm.drawink;
				PRODUCT_NAME = "$(TARGET_NAME)";
				PROVISIONING_PROFILE = "b963235c-5136-48c7-9644-6201b82b439b";
				PROVISIONING_PROFILE_SPECIFIER = "Drawink AppStore";
				SWIFT_VERSION = 4.0;
				TARGETED_DEVICE_FAMILY = "1,2";
			};
			name = Debug;
		};
		106CA0E7214843F4007F337B /* Release */ = {
			isa = XCBuildConfiguration;
			buildSettings = {
				ASSETCATALOG_COMPILER_APPICON_NAME = AppIcon;
				CODE_SIGN_IDENTITY = "iPhone Distribution";
				CODE_SIGN_STYLE = Manual;
				DEVELOPMENT_TEAM = 462G7PZTA4;
				INFOPLIST_FILE = DrawingApp/Info.plist;
				LD_RUNPATH_SEARCH_PATHS = (
					"$(inherited)",
					"@executable_path/Frameworks",
				);
				PRODUCT_BUNDLE_IDENTIFIER = com.testingco.testing.krm.drawink;
				PRODUCT_NAME = "$(TARGET_NAME)";
				PROVISIONING_PROFILE = "b963235c-5136-48c7-9644-6201b82b439b";
				PROVISIONING_PROFILE_SPECIFIER = "Drawink AppStore";
				SWIFT_VERSION = 4.0;
				TARGETED_DEVICE_FAMILY = "1,2";
			};
			name = Release;
		};
/* End XCBuildConfiguration section */

/* Begin XCConfigurationList section */
		106CA0CE214843F0007F337B /* Build configuration list for PBXProject "DrawingApp" */ = {
			isa = XCConfigurationList;
			buildConfigurations = (
				106CA0E3214843F4007F337B /* Debug */,
				106CA0E4214843F4007F337B /* Release */,
			);
			defaultConfigurationIsVisible = 0;
			defaultConfigurationName = Release;
		};
		106CA0E5214843F4007F337B /* Build configuration list for PBXNativeTarget "DrawingApp" */ = {
			isa = XCConfigurationList;
			buildConfigurations = (
				106CA0E6214843F4007F337B /* Debug */,
				106CA0E7214843F4007F337B /* Release */,
			);
			defaultConfigurationIsVisible = 0;
			defaultConfigurationName = Release;
		};
/* End XCConfigurationList section */
	};
	rootObject = 106CA0CB214843F0007F337B /* Project object */;
}
